
Microsoft Visual Studio Solution File, Format Version 12.00
# Visual Studio Version 17
VisualStudioVersion = 17.13.35931.197
MinimumVisualStudioVersion = 10.0.40219.1
Project("{FAE04EC0-301F-11D3-BF4B-00C04F79EFBC}") = "postgresql-odbc-devart", "postgresql-odbc-devart\postgresql-odbc-devart.csproj", "{285DF96F-80F6-4879-9BB4-BBA98C9DC7E0}"
EndProject
Project("{2150E333-8FDC-42A3-9474-1A3956D46DE8}") = "솔루션 항목", "솔루션 항목", "{2A3A057F-5D22-31FD-628C-DF5EF75AEF1E}"
	ProjectSection(SolutionItems) = preProject
		README.md = README.md
	EndProjectSection
EndProject
Global
	GlobalSection(SolutionConfigurationPlatforms) = preSolution
		Debug|Any CPU = Debug|Any CPU
		Release|Any CPU = Release|Any CPU
	EndGlobalSection
	GlobalSection(ProjectConfigurationPlatforms) = postSolution
		{285DF96F-80F6-4879-9BB4-BBA98C9DC7E0}.Debug|Any CPU.ActiveCfg = Debug|Any CPU
		{285DF96F-80F6-4879-9BB4-BBA98C9DC7E0}.Debug|Any CPU.Build.0 = Debug|Any CPU
		{285DF96F-80F6-4879-9BB4-BBA98C9DC7E0}.Release|Any CPU.ActiveCfg = Release|Any CPU
		{285DF96F-80F6-4879-9BB4-BBA98C9DC7E0}.Release|Any CPU.Build.0 = Release|Any CPU
	EndGlobalSection
	GlobalSection(SolutionProperties) = preSolution
		HideSolutionNode = FALSE
	EndGlobalSection
	GlobalSection(ExtensibilityGlobals) = postSolution
		SolutionGuid = {FF250093-41C3-41EF-BCC0-26D8F86410D2}
	EndGlobalSection
EndGlobal
